
Microsoft Visual Studio Solution File, Format Version 12.00
Project("{FAE04EC0-301F-11D3-BF4B-00C04F79EFBC}") = "pdfProcessor", "pdfProcessor.csproj", "{2A970DA8-E22A-4DC1-B537-90E88603CB0D}"
EndProject
Project("{2150E333-8FDC-42A3-9474-1A3956D46DE8}") = "Solution Items", "Solution Items", "{1869069B-C05D-4B29-8AFD-9027CB860310}"
	ProjectSection(SolutionItems) = preProject
		compose.yaml = compose.yaml
	EndProjectSection
EndProject
Global
	GlobalSection(SolutionConfigurationPlatforms) = preSolution
		Debug|Any CPU = Debug|Any CPU
		Release|Any CPU = Release|Any CPU
	EndGlobalSection
	GlobalSection(ProjectConfigurationPlatforms) = postSolution
		{2A970DA8-E22A-4DC1-B537-90E88603CB0D}.Debug|Any CPU.ActiveCfg = Debug|Any CPU
		{2A970DA8-E22A-4DC1-B537-90E88603CB0D}.Debug|Any CPU.Build.0 = Debug|Any CPU
		{2A970DA8-E22A-4DC1-B537-90E88603CB0D}.Release|Any CPU.ActiveCfg = Release|Any CPU
		{2A970DA8-E22A-4DC1-B537-90E88603CB0D}.Release|Any CPU.Build.0 = Release|Any CPU
	EndGlobalSection
EndGlobal
